
Microsoft Visual Studio Solution File, Format Version 12.00
# Visual Studio Version 16
VisualStudioVersion = 16.0.31702.278
MinimumVisualStudioVersion = 10.0.40219.1
Project("{FAE04EC0-301F-11D3-BF4B-00C04F79EFBC}") = "Emovieshows", "Emovieshows\Emovieshows.csproj", "{B313BB70-0992-4851-A631-76828B32E37E}"
EndProject
Global
	GlobalSection(SolutionConfigurationPlatforms) = preSolution
		Debug|Any CPU = Debug|Any CPU
		Release|Any CPU = Release|Any CPU
	EndGlobalSection
	GlobalSection(ProjectConfigurationPlatforms) = postSolution
		{B313BB70-0992-4851-A631-76828B32E37E}.Debug|Any CPU.ActiveCfg = Debug|Any CPU
		{B313BB70-0992-4851-A631-76828B32E37E}.Debug|Any CPU.Build.0 = Debug|Any CPU
		{B313BB70-0992-4851-A631-76828B32E37E}.Release|Any CPU.ActiveCfg = Release|Any CPU
		{B313BB70-0992-4851-A631-76828B32E37E}.Release|Any CPU.Build.0 = Release|Any CPU
	EndGlobalSection
	GlobalSection(SolutionProperties) = preSolution
		HideSolutionNode = FALSE
	EndGlobalSection
	GlobalSection(ExtensibilityGlobals) = postSolution
		SolutionGuid = {46E11F39-75C3-47EC-A519-7D67F01A8F31}
	EndGlobalSection
EndGlobal
